
Microsoft Visual Studio Solution File, Format Version 12.00
# Visual Studio Version 17
VisualStudioVersion = 17.4.33213.308
MinimumVisualStudioVersion = 10.0.40219.1
Project("{FAE04EC0-301F-11D3-BF4B-00C04F79EFBC}") = "StudyFlow", "StudyFlow\StudyFlow.csproj", "{250656C4-8BF7-4FD0-A574-CB88FD54C885}"
EndProject
Global
	GlobalSection(SolutionConfigurationPlatforms) = preSolution
		Debug|Any CPU = Debug|Any CPU
		Release|Any CPU = Release|Any CPU
	EndGlobalSection
	GlobalSection(ProjectConfigurationPlatforms) = postSolution
		{250656C4-8BF7-4FD0-A574-CB88FD54C885}.Debug|Any CPU.ActiveCfg = Debug|Any CPU
		{250656C4-8BF7-4FD0-A574-CB88FD54C885}.Debug|Any CPU.Build.0 = Debug|Any CPU
		{250656C4-8BF7-4FD0-A574-CB88FD54C885}.Release|Any CPU.ActiveCfg = Release|Any CPU
		{250656C4-8BF7-4FD0-A574-CB88FD54C885}.Release|Any CPU.Build.0 = Release|Any CPU
	EndGlobalSection
	GlobalSection(SolutionProperties) = preSolution
		HideSolutionNode = FALSE
	EndGlobalSection
	GlobalSection(ExtensibilityGlobals) = postSolution
		SolutionGuid = {BDFFAB04-7D45-4D25-BA71-BD2CD912B434}
	EndGlobalSection
EndGlobal
