
Microsoft Visual Studio Solution File, Format Version 12.00
# Visual Studio Version 17
VisualStudioVersion = 17.4.33213.308
MinimumVisualStudioVersion = 10.0.40219.1
Project("{9A19103F-16F7-4668-BE54-9A1E7A4F7556}") = "StudyFlow", "StudyFlow\StudyFlow.csproj", "{250656C4-8BF7-4FD0-A574-CB88FD54C885}"
EndProject
Project("{FAE04EC0-301F-11D3-BF4B-00C04F79EFBC}") = "Tests", "Tests\Tests.csproj", "{77F6E2FB-BEC8-4D19-B9F3-EC55DE59016B}"
EndProject
Global
	GlobalSection(SolutionConfigurationPlatforms) = preSolution
		Debug|Any CPU = Debug|Any CPU
		Release|Any CPU = Release|Any CPU
	EndGlobalSection
	GlobalSection(ProjectConfigurationPlatforms) = postSolution
		{250656C4-8BF7-4FD0-A574-CB88FD54C885}.Debug|Any CPU.ActiveCfg = Debug|Any CPU
		{250656C4-8BF7-4FD0-A574-CB88FD54C885}.Debug|Any CPU.Build.0 = Debug|Any CPU
		{250656C4-8BF7-4FD0-A574-CB88FD54C885}.Release|Any CPU.ActiveCfg = Release|Any CPU
		{250656C4-8BF7-4FD0-A574-CB88FD54C885}.Release|Any CPU.Build.0 = Release|Any CPU
		{77F6E2FB-BEC8-4D19-B9F3-EC55DE59016B}.Debug|Any CPU.ActiveCfg = Debug|Any CPU
		{77F6E2FB-BEC8-4D19-B9F3-EC55DE59016B}.Debug|Any CPU.Build.0 = Debug|Any CPU
		{77F6E2FB-BEC8-4D19-B9F3-EC55DE59016B}.Release|Any CPU.ActiveCfg = Release|Any CPU
		{77F6E2FB-BEC8-4D19-B9F3-EC55DE59016B}.Release|Any CPU.Build.0 = Release|Any CPU
	EndGlobalSection
	GlobalSection(SolutionProperties) = preSolution
		HideSolutionNode = FALSE
	EndGlobalSection
	GlobalSection(ExtensibilityGlobals) = postSolution
		SolutionGuid = {BDFFAB04-7D45-4D25-BA71-BD2CD912B434}
	EndGlobalSection
EndGlobal
